
Microsoft Visual Studio Solution File, Format Version 12.00
# Visual Studio Version 16
VisualStudioVersion = 16.0.29418.71
MinimumVisualStudioVersion = 10.0.40219.1
Project("{FAE04EC0-301F-11D3-BF4B-00C04F79EFBC}") = "ShopEntityFramework", "ShopEntityFramework\ShopEntityFramework.csproj", "{A6019069-AE63-4121-B4B0-55043FD08992}"
EndProject
Project("{FAE04EC0-301F-11D3-BF4B-00C04F79EFBC}") = "Shop.DataAccess", "Shop.DataAccess\Shop.DataAccess.csproj", "{19496BC4-61C2-4B10-93BE-2418184B71E0}"
EndProject
Project("{FAE04EC0-301F-11D3-BF4B-00C04F79EFBC}") = "Shop.Domain", "Shop.Domain\Shop.Domain.csproj", "{A4D2DC58-2D28-409D-8A3B-149F48635C2A}"
EndProject
Project("{FAE04EC0-301F-11D3-BF4B-00C04F79EFBC}") = "Shop.Services", "Shop.Services\Shop.Services.csproj", "{43317508-B346-4F69-89B9-E5892DDDFB86}"
EndProject
Project("{FAE04EC0-301F-11D3-BF4B-00C04F79EFBC}") = "Shop.Services.Abstract", "Shop.Services.Abstract\Shop.Services.Abstract.csproj", "{79DABDD1-0C99-416B-BFBB-88C7B5EA49A1}"
EndProject
Global
	GlobalSection(SolutionConfigurationPlatforms) = preSolution
		Debug|Any CPU = Debug|Any CPU
		Release|Any CPU = Release|Any CPU
	EndGlobalSection
	GlobalSection(ProjectConfigurationPlatforms) = postSolution
		{A6019069-AE63-4121-B4B0-55043FD08992}.Debug|Any CPU.ActiveCfg = Debug|Any CPU
		{A6019069-AE63-4121-B4B0-55043FD08992}.Debug|Any CPU.Build.0 = Debug|Any CPU
		{A6019069-AE63-4121-B4B0-55043FD08992}.Release|Any CPU.ActiveCfg = Release|Any CPU
		{A6019069-AE63-4121-B4B0-55043FD08992}.Release|Any CPU.Build.0 = Release|Any CPU
		{19496BC4-61C2-4B10-93BE-2418184B71E0}.Debug|Any CPU.ActiveCfg = Debug|Any CPU
		{19496BC4-61C2-4B10-93BE-2418184B71E0}.Debug|Any CPU.Build.0 = Debug|Any CPU
		{19496BC4-61C2-4B10-93BE-2418184B71E0}.Release|Any CPU.ActiveCfg = Release|Any CPU
		{19496BC4-61C2-4B10-93BE-2418184B71E0}.Release|Any CPU.Build.0 = Release|Any CPU
		{A4D2DC58-2D28-409D-8A3B-149F48635C2A}.Debug|Any CPU.ActiveCfg = Debug|Any CPU
		{A4D2DC58-2D28-409D-8A3B-149F48635C2A}.Debug|Any CPU.Build.0 = Debug|Any CPU
		{A4D2DC58-2D28-409D-8A3B-149F48635C2A}.Release|Any CPU.ActiveCfg = Release|Any CPU
		{A4D2DC58-2D28-409D-8A3B-149F48635C2A}.Release|Any CPU.Build.0 = Release|Any CPU
		{43317508-B346-4F69-89B9-E5892DDDFB86}.Debug|Any CPU.ActiveCfg = Debug|Any CPU
		{43317508-B346-4F69-89B9-E5892DDDFB86}.Debug|Any CPU.Build.0 = Debug|Any CPU
		{43317508-B346-4F69-89B9-E5892DDDFB86}.Release|Any CPU.ActiveCfg = Release|Any CPU
		{43317508-B346-4F69-89B9-E5892DDDFB86}.Release|Any CPU.Build.0 = Release|Any CPU
		{79DABDD1-0C99-416B-BFBB-88C7B5EA49A1}.Debug|Any CPU.ActiveCfg = Debug|Any CPU
		{79DABDD1-0C99-416B-BFBB-88C7B5EA49A1}.Debug|Any CPU.Build.0 = Debug|Any CPU
		{79DABDD1-0C99-416B-BFBB-88C7B5EA49A1}.Release|Any CPU.ActiveCfg = Release|Any CPU
		{79DABDD1-0C99-416B-BFBB-88C7B5EA49A1}.Release|Any CPU.Build.0 = Release|Any CPU
	EndGlobalSection
	GlobalSection(SolutionProperties) = preSolution
		HideSolutionNode = FALSE
	EndGlobalSection
	GlobalSection(ExtensibilityGlobals) = postSolution
		SolutionGuid = {D24D7048-B54A-4339-A37F-9DD206425475}
	EndGlobalSection
EndGlobal
